
Microsoft Visual Studio Solution File, Format Version 12.00
# Visual Studio Version 18
VisualStudioVersion = 18.6.11819.183
MinimumVisualStudioVersion = 10.0.40219.1
Project("{FAE04EC0-301F-11D3-BF4B-00C04F79EFBC}") = "BalintHelper", "Source\BalintHelper.csproj", "{CBC7AE9B-1A21-8EFA-4FE5-62700A2ECBC8}"
EndProject
Project("{FAE04EC0-301F-11D3-BF4B-00C04F79EFBC}") = "DynamicInstructions", "DynamicInstructions\DynamicInstructions.csproj", "{BCD20CBD-74AE-6DF8-8FA2-61262FD8AD0D}"
EndProject
Project("{FAE04EC0-301F-11D3-BF4B-00C04F79EFBC}") = "TestApp", "TestApp\TestApp.csproj", "{FBE7BD7F-839B-45C6-A042-70C5985FABED}"
EndProject
Global
	GlobalSection(SolutionConfigurationPlatforms) = preSolution
		Debug|Any CPU = Debug|Any CPU
		Release|Any CPU = Release|Any CPU
	EndGlobalSection
	GlobalSection(ProjectConfigurationPlatforms) = postSolution
		{CBC7AE9B-1A21-8EFA-4FE5-62700A2ECBC8}.Debug|Any CPU.ActiveCfg = Debug|Any CPU
		{CBC7AE9B-1A21-8EFA-4FE5-62700A2ECBC8}.Debug|Any CPU.Build.0 = Debug|Any CPU
		{CBC7AE9B-1A21-8EFA-4FE5-62700A2ECBC8}.Release|Any CPU.ActiveCfg = Release|Any CPU
		{CBC7AE9B-1A21-8EFA-4FE5-62700A2ECBC8}.Release|Any CPU.Build.0 = Release|Any CPU
		{BCD20CBD-74AE-6DF8-8FA2-61262FD8AD0D}.Debug|Any CPU.ActiveCfg = Debug|Any CPU
		{BCD20CBD-74AE-6DF8-8FA2-61262FD8AD0D}.Debug|Any CPU.Build.0 = Debug|Any CPU
		{BCD20CBD-74AE-6DF8-8FA2-61262FD8AD0D}.Release|Any CPU.ActiveCfg = Release|Any CPU
		{BCD20CBD-74AE-6DF8-8FA2-61262FD8AD0D}.Release|Any CPU.Build.0 = Release|Any CPU
		{FBE7BD7F-839B-45C6-A042-70C5985FABED}.Debug|Any CPU.ActiveCfg = Debug|Any CPU
		{FBE7BD7F-839B-45C6-A042-70C5985FABED}.Debug|Any CPU.Build.0 = Debug|Any CPU
		{FBE7BD7F-839B-45C6-A042-70C5985FABED}.Release|Any CPU.ActiveCfg = Release|Any CPU
		{FBE7BD7F-839B-45C6-A042-70C5985FABED}.Release|Any CPU.Build.0 = Release|Any CPU
	EndGlobalSection
	GlobalSection(SolutionProperties) = preSolution
		HideSolutionNode = FALSE
	EndGlobalSection
	GlobalSection(ExtensibilityGlobals) = postSolution
		SolutionGuid = {35B73A5A-65A4-4035-A162-1B24890B6278}
	EndGlobalSection
EndGlobal
